
Microsoft Visual Studio Solution File, Format Version 12.00
# Visual Studio 2013
VisualStudioVersion = 12.0.40629.0
MinimumVisualStudioVersion = 10.0.40219.1
Project("{FAE04EC0-301F-11D3-BF4B-00C04F79EFBC}") = "FileReceiver", "FileReceiver\FileReceiver.csproj", "{B624EBCC-B227-4C06-9C4D-1444138369D0}"
EndProject
Project("{FAE04EC0-301F-11D3-BF4B-00C04F79EFBC}") = "FileReceiver.Droid", "FileReceiver.Droid\FileReceiver.Droid.csproj", "{D519D119-F88F-4BBD-BC59-D42065F70164}"
EndProject
Project("{FAE04EC0-301F-11D3-BF4B-00C04F79EFBC}") = "FileReceiver.iOS", "FileReceiver.iOS\FileReceiver.iOS.csproj", "{BA8C1009-6A20-4688-B835-7DA773F2E3CB}"
EndProject
Project("{FAE04EC0-301F-11D3-BF4B-00C04F79EFBC}") = "FileReceiver.Windows8", "FileReceiver.Windows8\FileReceiver.Windows8.csproj", "{10B7693F-0F17-4D63-9D06-D76B6E7688EE}"
EndProject
Project("{FAE04EC0-301F-11D3-BF4B-00C04F79EFBC}") = "FileReceiver.WinPhone", "FileReceiver.WinPhone\FileReceiver.WinPhone.csproj", "{44F1ADCD-0A70-4833-8A50-E14D4FC017A0}"
EndProject
Global
	GlobalSection(SolutionConfigurationPlatforms) = preSolution
		Ad-Hoc|Any CPU = Ad-Hoc|Any CPU
		Ad-Hoc|ARM = Ad-Hoc|ARM
		Ad-Hoc|iPhone = Ad-Hoc|iPhone
		Ad-Hoc|iPhoneSimulator = Ad-Hoc|iPhoneSimulator
		Ad-Hoc|Mixed Platforms = Ad-Hoc|Mixed Platforms
		Ad-Hoc|x64 = Ad-Hoc|x64
		Ad-Hoc|x86 = Ad-Hoc|x86
		AppStore|Any CPU = AppStore|Any CPU
		AppStore|ARM = AppStore|ARM
		AppStore|iPhone = AppStore|iPhone
		AppStore|iPhoneSimulator = AppStore|iPhoneSimulator
		AppStore|Mixed Platforms = AppStore|Mixed Platforms
		AppStore|x64 = AppStore|x64
		AppStore|x86 = AppStore|x86
		Debug|Any CPU = Debug|Any CPU
		Debug|ARM = Debug|ARM
		Debug|iPhone = Debug|iPhone
		Debug|iPhoneSimulator = Debug|iPhoneSimulator
		Debug|Mixed Platforms = Debug|Mixed Platforms
		Debug|x64 = Debug|x64
		Debug|x86 = Debug|x86
		Release|Any CPU = Release|Any CPU
		Release|ARM = Release|ARM
		Release|iPhone = Release|iPhone
		Release|iPhoneSimulator = Release|iPhoneSimulator
		Release|Mixed Platforms = Release|Mixed Platforms
		Release|x64 = Release|x64
		Release|x86 = Release|x86
	EndGlobalSection
	GlobalSection(ProjectConfigurationPlatforms) = postSolution
		{B624EBCC-B227-4C06-9C4D-1444138369D0}.Ad-Hoc|Any CPU.ActiveCfg = Release|Any CPU
		{B624EBCC-B227-4C06-9C4D-1444138369D0}.Ad-Hoc|Any CPU.Build.0 = Release|Any CPU
		{B624EBCC-B227-4C06-9C4D-1444138369D0}.Ad-Hoc|ARM.ActiveCfg = Release|Any CPU
		{B624EBCC-B227-4C06-9C4D-1444138369D0}.Ad-Hoc|iPhone.ActiveCfg = Release|Any CPU
		{B624EBCC-B227-4C06-9C4D-1444138369D0}.Ad-Hoc|iPhoneSimulator.ActiveCfg = Release|Any CPU
		{B624EBCC-B227-4C06-9C4D-1444138369D0}.Ad-Hoc|Mixed Platforms.ActiveCfg = Release|Any CPU
		{B624EBCC-B227-4C06-9C4D-1444138369D0}.Ad-Hoc|Mixed Platforms.Build.0 = Release|Any CPU
		{B624EBCC-B227-4C06-9C4D-1444138369D0}.Ad-Hoc|x64.ActiveCfg = Release|Any CPU
		{B624EBCC-B227-4C06-9C4D-1444138369D0}.Ad-Hoc|x86.ActiveCfg = Release|Any CPU
		{B624EBCC-B227-4C06-9C4D-1444138369D0}.AppStore|Any CPU.ActiveCfg = Release|Any CPU
		{B624EBCC-B227-4C06-9C4D-1444138369D0}.AppStore|Any CPU.Build.0 = Release|Any CPU
		{B624EBCC-B227-4C06-9C4D-1444138369D0}.AppStore|ARM.ActiveCfg = Release|Any CPU
		{B624EBCC-B227-4C06-9C4D-1444138369D0}.AppStore|iPhone.ActiveCfg = Release|Any CPU
		{B624EBCC-B227-4C06-9C4D-1444138369D0}.AppStore|iPhoneSimulator.ActiveCfg = Release|Any CPU
		{B624EBCC-B227-4C06-9C4D-1444138369D0}.AppStore|Mixed Platforms.ActiveCfg = Release|Any CPU
		{B624EBCC-B227-4C06-9C4D-1444138369D0}.AppStore|Mixed Platforms.Build.0 = Release|Any CPU
		{B624EBCC-B227-4C06-9C4D-1444138369D0}.AppStore|x64.ActiveCfg = Release|Any CPU
		{B624EBCC-B227-4C06-9C4D-1444138369D0}.AppStore|x86.ActiveCfg = Release|Any CPU
		{B624EBCC-B227-4C06-9C4D-1444138369D0}.Debug|Any CPU.ActiveCfg = Debug|Any CPU
		{B624EBCC-B227-4C06-9C4D-1444138369D0}.Debug|Any CPU.Build.0 = Debug|Any CPU
		{B624EBCC-B227-4C06-9C4D-1444138369D0}.Debug|ARM.ActiveCfg = Debug|Any CPU
		{B624EBCC-B227-4C06-9C4D-1444138369D0}.Debug|iPhone.ActiveCfg = Debug|Any CPU
		{B624EBCC-B227-4C06-9C4D-1444138369D0}.Debug|iPhoneSimulator.ActiveCfg = Debug|Any CPU
		{B624EBCC-B227-4C06-9C4D-1444138369D0}.Debug|Mixed Platforms.ActiveCfg = Debug|Any CPU
		{B624EBCC-B227-4C06-9C4D-1444138369D0}.Debug|Mixed Platforms.Build.0 = Debug|Any CPU
		{B624EBCC-B227-4C06-9C4D-1444138369D0}.Debug|x64.ActiveCfg = Debug|Any CPU
		{B624EBCC-B227-4C06-9C4D-1444138369D0}.Debug|x86.ActiveCfg = Debug|Any CPU
		{B624EBCC-B227-4C06-9C4D-1444138369D0}.Release|Any CPU.ActiveCfg = Release|Any CPU
		{B624EBCC-B227-4C06-9C4D-1444138369D0}.Release|Any CPU.Build.0 = Release|Any CPU
		{B624EBCC-B227-4C06-9C4D-1444138369D0}.Release|ARM.ActiveCfg = Release|Any CPU
		{B624EBCC-B227-4C06-9C4D-1444138369D0}.Release|iPhone.ActiveCfg = Release|Any CPU
		{B624EBCC-B227-4C06-9C4D-1444138369D0}.Release|iPhoneSimulator.ActiveCfg = Release|Any CPU
		{B624EBCC-B227-4C06-9C4D-1444138369D0}.Release|Mixed Platforms.ActiveCfg = Release|Any CPU
		{B624EBCC-B227-4C06-9C4D-1444138369D0}.Release|Mixed Platforms.Build.0 = Release|Any CPU
		{B624EBCC-B227-4C06-9C4D-1444138369D0}.Release|x64.ActiveCfg = Release|Any CPU
		{B624EBCC-B227-4C06-9C4D-1444138369D0}.Release|x86.ActiveCfg = Release|Any CPU
		{D519D119-F88F-4BBD-BC59-D42065F70164}.Ad-Hoc|Any CPU.ActiveCfg = Release|Any CPU
		{D519D119-F88F-4BBD-BC59-D42065F70164}.Ad-Hoc|Any CPU.Build.0 = Release|Any CPU
		{D519D119-F88F-4BBD-BC59-D42065F70164}.Ad-Hoc|Any CPU.Deploy.0 = Release|Any CPU
		{D519D119-F88F-4BBD-BC59-D42065F70164}.Ad-Hoc|ARM.ActiveCfg = Release|Any CPU
		{D519D119-F88F-4BBD-BC59-D42065F70164}.Ad-Hoc|iPhone.ActiveCfg = Release|Any CPU
		{D519D119-F88F-4BBD-BC59-D42065F70164}.Ad-Hoc|iPhoneSimulator.ActiveCfg = Release|Any CPU
		{D519D119-F88F-4BBD-BC59-D42065F70164}.Ad-Hoc|Mixed Platforms.ActiveCfg = Release|Any CPU
		{D519D119-F88F-4BBD-BC59-D42065F70164}.Ad-Hoc|Mixed Platforms.Build.0 = Release|Any CPU
		{D519D119-F88F-4BBD-BC59-D42065F70164}.Ad-Hoc|Mixed Platforms.Deploy.0 = Release|Any CPU
		{D519D119-F88F-4BBD-BC59-D42065F70164}.Ad-Hoc|x64.ActiveCfg = Release|Any CPU
		{D519D119-F88F-4BBD-BC59-D42065F70164}.Ad-Hoc|x86.ActiveCfg = Release|Any CPU
		{D519D119-F88F-4BBD-BC59-D42065F70164}.AppStore|Any CPU.ActiveCfg = Release|Any CPU
		{D519D119-F88F-4BBD-BC59-D42065F70164}.AppStore|Any CPU.Build.0 = Release|Any CPU
		{D519D119-F88F-4BBD-BC59-D42065F70164}.AppStore|Any CPU.Deploy.0 = Release|Any CPU
		{D519D119-F88F-4BBD-BC59-D42065F70164}.AppStore|ARM.ActiveCfg = Release|Any CPU
		{D519D119-F88F-4BBD-BC59-D42065F70164}.AppStore|iPhone.ActiveCfg = Release|Any CPU
		{D519D119-F88F-4BBD-BC59-D42065F70164}.AppStore|iPhoneSimulator.ActiveCfg = Release|Any CPU
		{D519D119-F88F-4BBD-BC59-D42065F70164}.AppStore|Mixed Platforms.ActiveCfg = Release|Any CPU
		{D519D119-F88F-4BBD-BC59-D42065F70164}.AppStore|Mixed Platforms.Build.0 = Release|Any CPU
		{D519D119-F88F-4BBD-BC59-D42065F70164}.AppStore|Mixed Platforms.Deploy.0 = Release|Any CPU
		{D519D119-F88F-4BBD-BC59-D42065F70164}.AppStore|x64.ActiveCfg = Release|Any CPU
		{D519D119-F88F-4BBD-BC59-D42065F70164}.AppStore|x86.ActiveCfg = Release|Any CPU
		{D519D119-F88F-4BBD-BC59-D42065F70164}.Debug|Any CPU.ActiveCfg = Debug|Any CPU
		{D519D119-F88F-4BBD-BC59-D42065F70164}.Debug|Any CPU.Build.0 = Debug|Any CPU
		{D519D119-F88F-4BBD-BC59-D42065F70164}.Debug|Any CPU.Deploy.0 = Debug|Any CPU
		{D519D119-F88F-4BBD-BC59-D42065F70164}.Debug|ARM.ActiveCfg = Debug|Any CPU
		{D519D119-F88F-4BBD-BC59-D42065F70164}.Debug|iPhone.ActiveCfg = Debug|Any CPU
		{D519D119-F88F-4BBD-BC59-D42065F70164}.Debug|iPhoneSimulator.ActiveCfg = Debug|Any CPU
		{D519D119-F88F-4BBD-BC59-D42065F70164}.Debug|Mixed Platforms.ActiveCfg = Debug|Any CPU
		{D519D119-F88F-4BBD-BC59-D42065F70164}.Debug|Mixed Platforms.Build.0 = Debug|Any CPU
		{D519D119-F88F-4BBD-BC59-D42065F70164}.Debug|Mixed Platforms.Deploy.0 = Debug|Any CPU
		{D519D119-F88F-4BBD-BC59-D42065F70164}.Debug|x64.ActiveCfg = Debug|Any CPU
		{D519D119-F88F-4BBD-BC59-D42065F70164}.Debug|x86.ActiveCfg = Debug|Any CPU
		{D519D119-F88F-4BBD-BC59-D42065F70164}.Release|Any CPU.ActiveCfg = Release|Any CPU
		{D519D119-F88F-4BBD-BC59-D42065F70164}.Release|Any CPU.Build.0 = Release|Any CPU
		{D519D119-F88F-4BBD-BC59-D42065F70164}.Release|Any CPU.Deploy.0 = Release|Any CPU
		{D519D119-F88F-4BBD-BC59-D42065F70164}.Release|ARM.ActiveCfg = Release|Any CPU
		{D519D119-F88F-4BBD-BC59-D42065F70164}.Release|iPhone.ActiveCfg = Release|Any CPU
		{D519D119-F88F-4BBD-BC59-D42065F70164}.Release|iPhoneSimulator.ActiveCfg = Release|Any CPU
		{D519D119-F88F-4BBD-BC59-D42065F70164}.Release|Mixed Platforms.ActiveCfg = Release|Any CPU
		{D519D119-F88F-4BBD-BC59-D42065F70164}.Release|Mixed Platforms.Build.0 = Release|Any CPU
		{D519D119-F88F-4BBD-BC59-D42065F70164}.Release|Mixed Platforms.Deploy.0 = Release|Any CPU
		{D519D119-F88F-4BBD-BC59-D42065F70164}.Release|x64.ActiveCfg = Release|Any CPU
		{D519D119-F88F-4BBD-BC59-D42065F70164}.Release|x86.ActiveCfg = Release|Any CPU
		{BA8C1009-6A20-4688-B835-7DA773F2E3CB}.Ad-Hoc|Any CPU.ActiveCfg = Ad-Hoc|iPhone
		{BA8C1009-6A20-4688-B835-7DA773F2E3CB}.Ad-Hoc|ARM.ActiveCfg = Ad-Hoc|iPhone
		{BA8C1009-6A20-4688-B835-7DA773F2E3CB}.Ad-Hoc|iPhone.ActiveCfg = Ad-Hoc|iPhone
		{BA8C1009-6A20-4688-B835-7DA773F2E3CB}.Ad-Hoc|iPhone.Build.0 = Ad-Hoc|iPhone
		{BA8C1009-6A20-4688-B835-7DA773F2E3CB}.Ad-Hoc|iPhoneSimulator.ActiveCfg = Ad-Hoc|iPhoneSimulator
		{BA8C1009-6A20-4688-B835-7DA773F2E3CB}.Ad-Hoc|iPhoneSimulator.Build.0 = Ad-Hoc|iPhoneSimulator
		{BA8C1009-6A20-4688-B835-7DA773F2E3CB}.Ad-Hoc|Mixed Platforms.ActiveCfg = Ad-Hoc|iPhone
		{BA8C1009-6A20-4688-B835-7DA773F2E3CB}.Ad-Hoc|Mixed Platforms.Build.0 = Ad-Hoc|iPhone
		{BA8C1009-6A20-4688-B835-7DA773F2E3CB}.Ad-Hoc|x64.ActiveCfg = Ad-Hoc|iPhone
		{BA8C1009-6A20-4688-B835-7DA773F2E3CB}.Ad-Hoc|x86.ActiveCfg = Ad-Hoc|iPhone
		{BA8C1009-6A20-4688-B835-7DA773F2E3CB}.AppStore|Any CPU.ActiveCfg = AppStore|iPhone
		{BA8C1009-6A20-4688-B835-7DA773F2E3CB}.AppStore|ARM.ActiveCfg = AppStore|iPhone
		{BA8C1009-6A20-4688-B835-7DA773F2E3CB}.AppStore|iPhone.ActiveCfg = AppStore|iPhone
		{BA8C1009-6A20-4688-B835-7DA773F2E3CB}.AppStore|iPhone.Build.0 = AppStore|iPhone
		{BA8C1009-6A20-4688-B835-7DA773F2E3CB}.AppStore|iPhoneSimulator.ActiveCfg = AppStore|iPhoneSimulator
		{BA8C1009-6A20-4688-B835-7DA773F2E3CB}.AppStore|iPhoneSimulator.Build.0 = AppStore|iPhoneSimulator
		{BA8C1009-6A20-4688-B835-7DA773F2E3CB}.AppStore|Mixed Platforms.ActiveCfg = AppStore|iPhone
		{BA8C1009-6A20-4688-B835-7DA773F2E3CB}.AppStore|Mixed Platforms.Build.0 = AppStore|iPhone
		{BA8C1009-6A20-4688-B835-7DA773F2E3CB}.AppStore|x64.ActiveCfg = AppStore|iPhone
		{BA8C1009-6A20-4688-B835-7DA773F2E3CB}.AppStore|x86.ActiveCfg = AppStore|iPhone
		{BA8C1009-6A20-4688-B835-7DA773F2E3CB}.Debug|Any CPU.ActiveCfg = Debug|iPhone
		{BA8C1009-6A20-4688-B835-7DA773F2E3CB}.Debug|ARM.ActiveCfg = Debug|iPhone
		{BA8C1009-6A20-4688-B835-7DA773F2E3CB}.Debug|iPhone.ActiveCfg = Debug|iPhone
		{BA8C1009-6A20-4688-B835-7DA773F2E3CB}.Debug|iPhone.Build.0 = Debug|iPhone
		{BA8C1009-6A20-4688-B835-7DA773F2E3CB}.Debug|iPhoneSimulator.ActiveCfg = Debug|iPhoneSimulator
		{BA8C1009-6A20-4688-B835-7DA773F2E3CB}.Debug|iPhoneSimulator.Build.0 = Debug|iPhoneSimulator
		{BA8C1009-6A20-4688-B835-7DA773F2E3CB}.Debug|Mixed Platforms.ActiveCfg = Debug|iPhone
		{BA8C1009-6A20-4688-B835-7DA773F2E3CB}.Debug|Mixed Platforms.Build.0 = Debug|iPhone
		{BA8C1009-6A20-4688-B835-7DA773F2E3CB}.Debug|x64.ActiveCfg = Debug|iPhone
		{BA8C1009-6A20-4688-B835-7DA773F2E3CB}.Debug|x86.ActiveCfg = Debug|iPhone
		{BA8C1009-6A20-4688-B835-7DA773F2E3CB}.Release|Any CPU.ActiveCfg = Release|iPhone
		{BA8C1009-6A20-4688-B835-7DA773F2E3CB}.Release|ARM.ActiveCfg = Release|iPhone
		{BA8C1009-6A20-4688-B835-7DA773F2E3CB}.Release|iPhone.ActiveCfg = Release|iPhone
		{BA8C1009-6A20-4688-B835-7DA773F2E3CB}.Release|iPhone.Build.0 = Release|iPhone
		{BA8C1009-6A20-4688-B835-7DA773F2E3CB}.Release|iPhoneSimulator.ActiveCfg = Release|iPhoneSimulator
		{BA8C1009-6A20-4688-B835-7DA773F2E3CB}.Release|iPhoneSimulator.Build.0 = Release|iPhoneSimulator
		{BA8C1009-6A20-4688-B835-7DA773F2E3CB}.Release|Mixed Platforms.ActiveCfg = Release|iPhone
		{BA8C1009-6A20-4688-B835-7DA773F2E3CB}.Release|Mixed Platforms.Build.0 = Release|iPhone
		{BA8C1009-6A20-4688-B835-7DA773F2E3CB}.Release|x64.ActiveCfg = Release|iPhone
		{BA8C1009-6A20-4688-B835-7DA773F2E3CB}.Release|x86.ActiveCfg = Release|iPhone
		{10B7693F-0F17-4D63-9D06-D76B6E7688EE}.Ad-Hoc|Any CPU.ActiveCfg = Release|Any CPU
		{10B7693F-0F17-4D63-9D06-D76B6E7688EE}.Ad-Hoc|Any CPU.Build.0 = Release|Any CPU
		{10B7693F-0F17-4D63-9D06-D76B6E7688EE}.Ad-Hoc|Any CPU.Deploy.0 = Release|Any CPU
		{10B7693F-0F17-4D63-9D06-D76B6E7688EE}.Ad-Hoc|ARM.ActiveCfg = Release|ARM
		{10B7693F-0F17-4D63-9D06-D76B6E7688EE}.Ad-Hoc|ARM.Build.0 = Release|ARM
		{10B7693F-0F17-4D63-9D06-D76B6E7688EE}.Ad-Hoc|ARM.Deploy.0 = Release|ARM
		{10B7693F-0F17-4D63-9D06-D76B6E7688EE}.Ad-Hoc|iPhone.ActiveCfg = Release|Any CPU
		{10B7693F-0F17-4D63-9D06-D76B6E7688EE}.Ad-Hoc|iPhoneSimulator.ActiveCfg = Release|Any CPU
		{10B7693F-0F17-4D63-9D06-D76B6E7688EE}.Ad-Hoc|Mixed Platforms.ActiveCfg = Release|x86
		{10B7693F-0F17-4D63-9D06-D76B6E7688EE}.Ad-Hoc|Mixed Platforms.Build.0 = Release|x86
		{10B7693F-0F17-4D63-9D06-D76B6E7688EE}.Ad-Hoc|Mixed Platforms.Deploy.0 = Release|x86
		{10B7693F-0F17-4D63-9D06-D76B6E7688EE}.Ad-Hoc|x64.ActiveCfg = Release|x64
		{10B7693F-0F17-4D63-9D06-D76B6E7688EE}.Ad-Hoc|x64.Build.0 = Release|x64
		{10B7693F-0F17-4D63-9D06-D76B6E7688EE}.Ad-Hoc|x64.Deploy.0 = Release|x64
		{10B7693F-0F17-4D63-9D06-D76B6E7688EE}.Ad-Hoc|x86.ActiveCfg = Release|x86
		{10B7693F-0F17-4D63-9D06-D76B6E7688EE}.Ad-Hoc|x86.Build.0 = Release|x86
		{10B7693F-0F17-4D63-9D06-D76B6E7688EE}.Ad-Hoc|x86.Deploy.0 = Release|x86
		{10B7693F-0F17-4D63-9D06-D76B6E7688EE}.AppStore|Any CPU.ActiveCfg = Release|Any CPU
		{10B7693F-0F17-4D63-9D06-D76B6E7688EE}.AppStore|Any CPU.Build.0 = Release|Any CPU
		{10B7693F-0F17-4D63-9D06-D76B6E7688EE}.AppStore|Any CPU.Deploy.0 = Release|Any CPU
		{10B7693F-0F17-4D63-9D06-D76B6E7688EE}.AppStore|ARM.ActiveCfg = Release|ARM
		{10B7693F-0F17-4D63-9D06-D76B6E7688EE}.AppStore|ARM.Build.0 = Release|ARM
		{10B7693F-0F17-4D63-9D06-D76B6E7688EE}.AppStore|ARM.Deploy.0 = Release|ARM
		{10B7693F-0F17-4D63-9D06-D76B6E7688EE}.AppStore|iPhone.ActiveCfg = Release|Any CPU
		{10B7693F-0F17-4D63-9D06-D76B6E7688EE}.AppStore|iPhoneSimulator.ActiveCfg = Release|Any CPU
		{10B7693F-0F17-4D63-9D06-D76B6E7688EE}.AppStore|Mixed Platforms.ActiveCfg = Release|x86
		{10B7693F-0F17-4D63-9D06-D76B6E7688EE}.AppStore|Mixed Platforms.Build.0 = Release|x86
		{10B7693F-0F17-4D63-9D06-D76B6E7688EE}.AppStore|Mixed Platforms.Deploy.0 = Release|x86
		{10B7693F-0F17-4D63-9D06-D76B6E7688EE}.AppStore|x64.ActiveCfg = Release|x64
		{10B7693F-0F17-4D63-9D06-D76B6E7688EE}.AppStore|x64.Build.0 = Release|x64
		{10B7693F-0F17-4D63-9D06-D76B6E7688EE}.AppStore|x64.Deploy.0 = Release|x64
		{10B7693F-0F17-4D63-9D06-D76B6E7688EE}.AppStore|x86.ActiveCfg = Release|x86
		{10B7693F-0F17-4D63-9D06-D76B6E7688EE}.AppStore|x86.Build.0 = Release|x86
		{10B7693F-0F17-4D63-9D06-D76B6E7688EE}.AppStore|x86.Deploy.0 = Release|x86
		{10B7693F-0F17-4D63-9D06-D76B6E7688EE}.Debug|Any CPU.ActiveCfg = Debug|Any CPU
		{10B7693F-0F17-4D63-9D06-D76B6E7688EE}.Debug|Any CPU.Build.0 = Debug|Any CPU
		{10B7693F-0F17-4D63-9D06-D76B6E7688EE}.Debug|Any CPU.Deploy.0 = Debug|Any CPU
		{10B7693F-0F17-4D63-9D06-D76B6E7688EE}.Debug|ARM.ActiveCfg = Debug|ARM
		{10B7693F-0F17-4D63-9D06-D76B6E7688EE}.Debug|ARM.Build.0 = Debug|ARM
		{10B7693F-0F17-4D63-9D06-D76B6E7688EE}.Debug|ARM.Deploy.0 = Debug|ARM
		{10B7693F-0F17-4D63-9D06-D76B6E7688EE}.Debug|iPhone.ActiveCfg = Debug|Any CPU
		{10B7693F-0F17-4D63-9D06-D76B6E7688EE}.Debug|iPhoneSimulator.ActiveCfg = Debug|Any CPU
		{10B7693F-0F17-4D63-9D06-D76B6E7688EE}.Debug|Mixed Platforms.ActiveCfg = Debug|x86
		{10B7693F-0F17-4D63-9D06-D76B6E7688EE}.Debug|Mixed Platforms.Build.0 = Debug|x86
		{10B7693F-0F17-4D63-9D06-D76B6E7688EE}.Debug|Mixed Platforms.Deploy.0 = Debug|x86
		{10B7693F-0F17-4D63-9D06-D76B6E7688EE}.Debug|x64.ActiveCfg = Debug|x64
		{10B7693F-0F17-4D63-9D06-D76B6E7688EE}.Debug|x64.Build.0 = Debug|x64
		{10B7693F-0F17-4D63-9D06-D76B6E7688EE}.Debug|x64.Deploy.0 = Debug|x64
		{10B7693F-0F17-4D63-9D06-D76B6E7688EE}.Debug|x86.ActiveCfg = Debug|x86
		{10B7693F-0F17-4D63-9D06-D76B6E7688EE}.Debug|x86.Build.0 = Debug|x86
		{10B7693F-0F17-4D63-9D06-D76B6E7688EE}.Debug|x86.Deploy.0 = Debug|x86
		{10B7693F-0F17-4D63-9D06-D76B6E7688EE}.Release|Any CPU.ActiveCfg = Release|Any CPU
		{10B7693F-0F17-4D63-9D06-D76B6E7688EE}.Release|Any CPU.Build.0 = Release|Any CPU
		{10B7693F-0F17-4D63-9D06-D76B6E7688EE}.Release|Any CPU.Deploy.0 = Release|Any CPU
		{10B7693F-0F17-4D63-9D06-D76B6E7688EE}.Release|ARM.ActiveCfg = Release|ARM
		{10B7693F-0F17-4D63-9D06-D76B6E7688EE}.Release|ARM.Build.0 = Release|ARM
		{10B7693F-0F17-4D63-9D06-D76B6E7688EE}.Release|ARM.Deploy.0 = Release|ARM
		{10B7693F-0F17-4D63-9D06-D76B6E7688EE}.Release|iPhone.ActiveCfg = Release|Any CPU
		{10B7693F-0F17-4D63-9D06-D76B6E7688EE}.Release|iPhoneSimulator.ActiveCfg = Release|Any CPU
		{10B7693F-0F17-4D63-9D06-D76B6E7688EE}.Release|Mixed Platforms.ActiveCfg = Release|x86
		{10B7693F-0F17-4D63-9D06-D76B6E7688EE}.Release|Mixed Platforms.Build.0 = Release|x86
		{10B7693F-0F17-4D63-9D06-D76B6E7688EE}.Release|Mixed Platforms.Deploy.0 = Release|x86
		{10B7693F-0F17-4D63-9D06-D76B6E7688EE}.Release|x64.ActiveCfg = Release|x64
		{10B7693F-0F17-4D63-9D06-D76B6E7688EE}.Release|x64.Build.0 = Release|x64
		{10B7693F-0F17-4D63-9D06-D76B6E7688EE}.Release|x64.Deploy.0 = Release|x64
		{10B7693F-0F17-4D63-9D06-D76B6E7688EE}.Release|x86.ActiveCfg = Release|x86
		{10B7693F-0F17-4D63-9D06-D76B6E7688EE}.Release|x86.Build.0 = Release|x86
		{10B7693F-0F17-4D63-9D06-D76B6E7688EE}.Release|x86.Deploy.0 = Release|x86
		{44F1ADCD-0A70-4833-8A50-E14D4FC017A0}.Ad-Hoc|Any CPU.ActiveCfg = Release|Any CPU
		{44F1ADCD-0A70-4833-8A50-E14D4FC017A0}.Ad-Hoc|Any CPU.Build.0 = Release|Any CPU
		{44F1ADCD-0A70-4833-8A50-E14D4FC017A0}.Ad-Hoc|Any CPU.Deploy.0 = Release|Any CPU
		{44F1ADCD-0A70-4833-8A50-E14D4FC017A0}.Ad-Hoc|ARM.ActiveCfg = Release|ARM
		{44F1ADCD-0A70-4833-8A50-E14D4FC017A0}.Ad-Hoc|ARM.Build.0 = Release|ARM
		{44F1ADCD-0A70-4833-8A50-E14D4FC017A0}.Ad-Hoc|ARM.Deploy.0 = Release|ARM
		{44F1ADCD-0A70-4833-8A50-E14D4FC017A0}.Ad-Hoc|iPhone.ActiveCfg = Release|Any CPU
		{44F1ADCD-0A70-4833-8A50-E14D4FC017A0}.Ad-Hoc|iPhoneSimulator.ActiveCfg = Release|Any CPU
		{44F1ADCD-0A70-4833-8A50-E14D4FC017A0}.Ad-Hoc|Mixed Platforms.ActiveCfg = Release|x86
		{44F1ADCD-0A70-4833-8A50-E14D4FC017A0}.Ad-Hoc|Mixed Platforms.Build.0 = Release|x86
		{44F1ADCD-0A70-4833-8A50-E14D4FC017A0}.Ad-Hoc|Mixed Platforms.Deploy.0 = Release|x86
		{44F1ADCD-0A70-4833-8A50-E14D4FC017A0}.Ad-Hoc|x64.ActiveCfg = Release|Any CPU
		{44F1ADCD-0A70-4833-8A50-E14D4FC017A0}.Ad-Hoc|x86.ActiveCfg = Release|x86
		{44F1ADCD-0A70-4833-8A50-E14D4FC017A0}.Ad-Hoc|x86.Build.0 = Release|x86
		{44F1ADCD-0A70-4833-8A50-E14D4FC017A0}.Ad-Hoc|x86.Deploy.0 = Release|x86
		{44F1ADCD-0A70-4833-8A50-E14D4FC017A0}.AppStore|Any CPU.ActiveCfg = Release|Any CPU
		{44F1ADCD-0A70-4833-8A50-E14D4FC017A0}.AppStore|Any CPU.Build.0 = Release|Any CPU
		{44F1ADCD-0A70-4833-8A50-E14D4FC017A0}.AppStore|Any CPU.Deploy.0 = Release|Any CPU
		{44F1ADCD-0A70-4833-8A50-E14D4FC017A0}.AppStore|ARM.ActiveCfg = Release|ARM
		{44F1ADCD-0A70-4833-8A50-E14D4FC017A0}.AppStore|ARM.Build.0 = Release|ARM
		{44F1ADCD-0A70-4833-8A50-E14D4FC017A0}.AppStore|ARM.Deploy.0 = Release|ARM
		{44F1ADCD-0A70-4833-8A50-E14D4FC017A0}.AppStore|iPhone.ActiveCfg = Release|Any CPU
		{44F1ADCD-0A70-4833-8A50-E14D4FC017A0}.AppStore|iPhoneSimulator.ActiveCfg = Release|Any CPU
		{44F1ADCD-0A70-4833-8A50-E14D4FC017A0}.AppStore|Mixed Platforms.ActiveCfg = Release|x86
		{44F1ADCD-0A70-4833-8A50-E14D4FC017A0}.AppStore|Mixed Platforms.Build.0 = Release|x86
		{44F1ADCD-0A70-4833-8A50-E14D4FC017A0}.AppStore|Mixed Platforms.Deploy.0 = Release|x86
		{44F1ADCD-0A70-4833-8A50-E14D4FC017A0}.AppStore|x64.ActiveCfg = Release|Any CPU
		{44F1ADCD-0A70-4833-8A50-E14D4FC017A0}.AppStore|x86.ActiveCfg = Release|x86
		{44F1ADCD-0A70-4833-8A50-E14D4FC017A0}.AppStore|x86.Build.0 = Release|x86
		{44F1ADCD-0A70-4833-8A50-E14D4FC017A0}.AppStore|x86.Deploy.0 = Release|x86
		{44F1ADCD-0A70-4833-8A50-E14D4FC017A0}.Debug|Any CPU.ActiveCfg = Debug|Any CPU
		{44F1ADCD-0A70-4833-8A50-E14D4FC017A0}.Debug|Any CPU.Build.0 = Debug|Any CPU
		{44F1ADCD-0A70-4833-8A50-E14D4FC017A0}.Debug|Any CPU.Deploy.0 = Debug|Any CPU
		{44F1ADCD-0A70-4833-8A50-E14D4FC017A0}.Debug|ARM.ActiveCfg = Debug|ARM
		{44F1ADCD-0A70-4833-8A50-E14D4FC017A0}.Debug|ARM.Build.0 = Debug|ARM
		{44F1ADCD-0A70-4833-8A50-E14D4FC017A0}.Debug|ARM.Deploy.0 = Debug|ARM
		{44F1ADCD-0A70-4833-8A50-E14D4FC017A0}.Debug|iPhone.ActiveCfg = Debug|Any CPU
		{44F1ADCD-0A70-4833-8A50-E14D4FC017A0}.Debug|iPhoneSimulator.ActiveCfg = Debug|Any CPU
		{44F1ADCD-0A70-4833-8A50-E14D4FC017A0}.Debug|Mixed Platforms.ActiveCfg = Debug|x86
		{44F1ADCD-0A70-4833-8A50-E14D4FC017A0}.Debug|Mixed Platforms.Build.0 = Debug|x86
		{44F1ADCD-0A70-4833-8A50-E14D4FC017A0}.Debug|Mixed Platforms.Deploy.0 = Debug|x86
		{44F1ADCD-0A70-4833-8A50-E14D4FC017A0}.Debug|x64.ActiveCfg = Debug|Any CPU
		{44F1ADCD-0A70-4833-8A50-E14D4FC017A0}.Debug|x86.ActiveCfg = Debug|x86
		{44F1ADCD-0A70-4833-8A50-E14D4FC017A0}.Debug|x86.Build.0 = Debug|x86
		{44F1ADCD-0A70-4833-8A50-E14D4FC017A0}.Debug|x86.Deploy.0 = Debug|x86
		{44F1ADCD-0A70-4833-8A50-E14D4FC017A0}.Release|Any CPU.ActiveCfg = Release|Any CPU
		{44F1ADCD-0A70-4833-8A50-E14D4FC017A0}.Release|Any CPU.Build.0 = Release|Any CPU
		{44F1ADCD-0A70-4833-8A50-E14D4FC017A0}.Release|Any CPU.Deploy.0 = Release|Any CPU
		{44F1ADCD-0A70-4833-8A50-E14D4FC017A0}.Release|ARM.ActiveCfg = Release|ARM
		{44F1ADCD-0A70-4833-8A50-E14D4FC017A0}.Release|ARM.Build.0 = Release|ARM
		{44F1ADCD-0A70-4833-8A50-E14D4FC017A0}.Release|ARM.Deploy.0 = Release|ARM
		{44F1ADCD-0A70-4833-8A50-E14D4FC017A0}.Release|iPhone.ActiveCfg = Release|Any CPU
		{44F1ADCD-0A70-4833-8A50-E14D4FC017A0}.Release|iPhoneSimulator.ActiveCfg = Release|Any CPU
		{44F1ADCD-0A70-4833-8A50-E14D4FC017A0}.Release|Mixed Platforms.ActiveCfg = Release|x86
		{44F1ADCD-0A70-4833-8A50-E14D4FC017A0}.Release|Mixed Platforms.Build.0 = Release|x86
		{44F1ADCD-0A70-4833-8A50-E14D4FC017A0}.Release|Mixed Platforms.Deploy.0 = Release|x86
		{44F1ADCD-0A70-4833-8A50-E14D4FC017A0}.Release|x64.ActiveCfg = Release|Any CPU
		{44F1ADCD-0A70-4833-8A50-E14D4FC017A0}.Release|x86.ActiveCfg = Release|x86
		{44F1ADCD-0A70-4833-8A50-E14D4FC017A0}.Release|x86.Build.0 = Release|x86
		{44F1ADCD-0A70-4833-8A50-E14D4FC017A0}.Release|x86.Deploy.0 = Release|x86
	EndGlobalSection
	GlobalSection(SolutionProperties) = preSolution
		HideSolutionNode = FALSE
	EndGlobalSection
EndGlobal
